{
  "name": "compo",
  "version": "0.5.0",
  "lockfileVersion": 1,
  "dependencies": {
    "maskjs": {
      "version": "0.64.8",
      "resolved": "https://registry.npmjs.org/maskjs/-/maskjs-0.64.8.tgz",
      "integrity": "sha512-k5O4uBjUWHhj4u5aTgHcmBmjT/3x1fxFSQAseiQNlJxxjcnp4kxFVBQJCldJ8bp9/rD6PbkGHPoBpYJ2DIu8MQ==",
      "dev": true
    }
  }
}
